
Microsoft Visual Studio Solution File, Format Version 12.00
# Visual Studio Version 17
VisualStudioVersion = 17.11.35222.181
MinimumVisualStudioVersion = 10.0.40219.1
Project("{8BC9CEB8-8B4A-11D0-8D11-00A0C91BC942}") = "1010", "1010\1010.vcxproj", "{FD96B762-4396-4A4F-B03E-8CF23416754A}"
EndProject
Project("{8BC9CEB8-8B4A-11D0-8D11-00A0C91BC942}") = "1001", "1001\1001.vcxproj", "{65D62101-2977-4484-A646-2C8F1A1BA77F}"
EndProject
Project("{8BC9CEB8-8B4A-11D0-8D11-00A0C91BC942}") = "1002", "1002\1002.vcxproj", "{5EA69E1E-C3E1-4575-B044-E7EB79ED775C}"
EndProject
Project("{8BC9CEB8-8B4A-11D0-8D11-00A0C91BC942}") = "1007", "1007\1007.vcxproj", "{DDB074D7-53F3-4E63-A765-93BD4071708D}"
EndProject
Project("{8BC9CEB8-8B4A-11D0-8D11-00A0C91BC942}") = "1014", "1014\1014.vcxproj", "{BD4880F3-E7B5-4083-92A0-3A15D5BF0FAC}"
EndProject
Project("{8BC9CEB8-8B4A-11D0-8D11-00A0C91BC942}") = "1017", "1017\1017.vcxproj", "{C438B8E4-6963-4895-9A56-3241904317BE}"
EndProject
Project("{8BC9CEB8-8B4A-11D0-8D11-00A0C91BC942}") = "1025", "1025\1025.vcxproj", "{08B15111-911F-49C5-9ED2-EB9FE5ACB907}"
EndProject
Project("{8BC9CEB8-8B4A-11D0-8D11-00A0C91BC942}") = "1029", "1029\1029.vcxproj", "{73755C01-2A34-49B7-9E98-3DA0EC026A37}"
EndProject
Project("{8BC9CEB8-8B4A-11D0-8D11-00A0C91BC942}") = "1041", "1041\1041.vcxproj", "{D52DE9D6-09E5-4D79-80E6-24AF7E6AAF1C}"
EndProject
Project("{8BC9CEB8-8B4A-11D0-8D11-00A0C91BC942}") = "1051", "1051\1051.vcxproj", "{59C7890D-0382-4E17-810C-B9FB42DB375E}"
EndProject
Project("{8BC9CEB8-8B4A-11D0-8D11-00A0C91BC942}") = "1065", "1065\1065.vcxproj", "{9F650702-FF07-4B7B-9A6D-618E0DB7136B}"
EndProject
Project("{8BC9CEB8-8B4A-11D0-8D11-00A0C91BC942}") = "1069", "1069\1069.vcxproj", "{E709AA3B-DDFE-4574-A5B3-AAE80B608B49}"
EndProject
Project("{8BC9CEB8-8B4A-11D0-8D11-00A0C91BC942}") = "1083", "1083\1083.vcxproj", "{DF9E7BF6-88F8-48E5-BDE1-85BA4D1E4DAC}"
EndProject
Project("{8BC9CEB8-8B4A-11D0-8D11-00A0C91BC942}") = "1084", "1084\1084.vcxproj", "{AA9CC38A-1630-4718-A224-B4877A733722}"
EndProject
Project("{8BC9CEB8-8B4A-11D0-8D11-00A0C91BC942}") = "1094", "1094\1094.vcxproj", "{DCDCDEEE-78B9-462D-AC6D-A1F861A1D79E}"
EndProject
Project("{8BC9CEB8-8B4A-11D0-8D11-00A0C91BC942}") = "1006", "1006\1006.vcxproj", "{820031B5-9B79-4348-A99C-58DDBAF49026}"
EndProject
Global
	GlobalSection(SolutionConfigurationPlatforms) = preSolution
		Debug|x64 = Debug|x64
		Debug|x86 = Debug|x86
		Release|x64 = Release|x64
		Release|x86 = Release|x86
	EndGlobalSection
	GlobalSection(ProjectConfigurationPlatforms) = postSolution
		{FD96B762-4396-4A4F-B03E-8CF23416754A}.Debug|x64.ActiveCfg = Debug|x64
		{FD96B762-4396-4A4F-B03E-8CF23416754A}.Debug|x64.Build.0 = Debug|x64
		{FD96B762-4396-4A4F-B03E-8CF23416754A}.Debug|x86.ActiveCfg = Debug|Win32
		{FD96B762-4396-4A4F-B03E-8CF23416754A}.Debug|x86.Build.0 = Debug|Win32
		{FD96B762-4396-4A4F-B03E-8CF23416754A}.Release|x64.ActiveCfg = Release|x64
		{FD96B762-4396-4A4F-B03E-8CF23416754A}.Release|x64.Build.0 = Release|x64
		{FD96B762-4396-4A4F-B03E-8CF23416754A}.Release|x86.ActiveCfg = Release|Win32
		{FD96B762-4396-4A4F-B03E-8CF23416754A}.Release|x86.Build.0 = Release|Win32
		{65D62101-2977-4484-A646-2C8F1A1BA77F}.Debug|x64.ActiveCfg = Debug|x64
		{65D62101-2977-4484-A646-2C8F1A1BA77F}.Debug|x64.Build.0 = Debug|x64
		{65D62101-2977-4484-A646-2C8F1A1BA77F}.Debug|x86.ActiveCfg = Debug|Win32
		{65D62101-2977-4484-A646-2C8F1A1BA77F}.Debug|x86.Build.0 = Debug|Win32
		{65D62101-2977-4484-A646-2C8F1A1BA77F}.Release|x64.ActiveCfg = Release|x64
		{65D62101-2977-4484-A646-2C8F1A1BA77F}.Release|x64.Build.0 = Release|x64
		{65D62101-2977-4484-A646-2C8F1A1BA77F}.Release|x86.ActiveCfg = Release|Win32
		{65D62101-2977-4484-A646-2C8F1A1BA77F}.Release|x86.Build.0 = Release|Win32
		{5EA69E1E-C3E1-4575-B044-E7EB79ED775C}.Debug|x64.ActiveCfg = Debug|x64
		{5EA69E1E-C3E1-4575-B044-E7EB79ED775C}.Debug|x64.Build.0 = Debug|x64
		{5EA69E1E-C3E1-4575-B044-E7EB79ED775C}.Debug|x86.ActiveCfg = Debug|Win32
		{5EA69E1E-C3E1-4575-B044-E7EB79ED775C}.Debug|x86.Build.0 = Debug|Win32
		{5EA69E1E-C3E1-4575-B044-E7EB79ED775C}.Release|x64.ActiveCfg = Release|x64
		{5EA69E1E-C3E1-4575-B044-E7EB79ED775C}.Release|x64.Build.0 = Release|x64
		{5EA69E1E-C3E1-4575-B044-E7EB79ED775C}.Release|x86.ActiveCfg = Release|Win32
		{5EA69E1E-C3E1-4575-B044-E7EB79ED775C}.Release|x86.Build.0 = Release|Win32
		{DDB074D7-53F3-4E63-A765-93BD4071708D}.Debug|x64.ActiveCfg = Debug|x64
		{DDB074D7-53F3-4E63-A765-93BD4071708D}.Debug|x64.Build.0 = Debug|x64
		{DDB074D7-53F3-4E63-A765-93BD4071708D}.Debug|x86.ActiveCfg = Debug|Win32
		{DDB074D7-53F3-4E63-A765-93BD4071708D}.Debug|x86.Build.0 = Debug|Win32
		{DDB074D7-53F3-4E63-A765-93BD4071708D}.Release|x64.ActiveCfg = Release|x64
		{DDB074D7-53F3-4E63-A765-93BD4071708D}.Release|x64.Build.0 = Release|x64
		{DDB074D7-53F3-4E63-A765-93BD4071708D}.Release|x86.ActiveCfg = Release|Win32
		{DDB074D7-53F3-4E63-A765-93BD4071708D}.Release|x86.Build.0 = Release|Win32
		{BD4880F3-E7B5-4083-92A0-3A15D5BF0FAC}.Debug|x64.ActiveCfg = Debug|x64
		{BD4880F3-E7B5-4083-92A0-3A15D5BF0FAC}.Debug|x64.Build.0 = Debug|x64
		{BD4880F3-E7B5-4083-92A0-3A15D5BF0FAC}.Debug|x86.ActiveCfg = Debug|Win32
		{BD4880F3-E7B5-4083-92A0-3A15D5BF0FAC}.Debug|x86.Build.0 = Debug|Win32
		{BD4880F3-E7B5-4083-92A0-3A15D5BF0FAC}.Release|x64.ActiveCfg = Release|x64
		{BD4880F3-E7B5-4083-92A0-3A15D5BF0FAC}.Release|x64.Build.0 = Release|x64
		{BD4880F3-E7B5-4083-92A0-3A15D5BF0FAC}.Release|x86.ActiveCfg = Release|Win32
		{BD4880F3-E7B5-4083-92A0-3A15D5BF0FAC}.Release|x86.Build.0 = Release|Win32
		{C438B8E4-6963-4895-9A56-3241904317BE}.Debug|x64.ActiveCfg = Debug|x64
		{C438B8E4-6963-4895-9A56-3241904317BE}.Debug|x64.Build.0 = Debug|x64
		{C438B8E4-6963-4895-9A56-3241904317BE}.Debug|x86.ActiveCfg = Debug|Win32
		{C438B8E4-6963-4895-9A56-3241904317BE}.Debug|x86.Build.0 = Debug|Win32
		{C438B8E4-6963-4895-9A56-3241904317BE}.Release|x64.ActiveCfg = Release|x64
		{C438B8E4-6963-4895-9A56-3241904317BE}.Release|x64.Build.0 = Release|x64
		{C438B8E4-6963-4895-9A56-3241904317BE}.Release|x86.ActiveCfg = Release|Win32
		{C438B8E4-6963-4895-9A56-3241904317BE}.Release|x86.Build.0 = Release|Win32
		{08B15111-911F-49C5-9ED2-EB9FE5ACB907}.Debug|x64.ActiveCfg = Debug|x64
		{08B15111-911F-49C5-9ED2-EB9FE5ACB907}.Debug|x64.Build.0 = Debug|x64
		{08B15111-911F-49C5-9ED2-EB9FE5ACB907}.Debug|x86.ActiveCfg = Debug|Win32
		{08B15111-911F-49C5-9ED2-EB9FE5ACB907}.Debug|x86.Build.0 = Debug|Win32
		{08B15111-911F-49C5-9ED2-EB9FE5ACB907}.Release|x64.ActiveCfg = Release|x64
		{08B15111-911F-49C5-9ED2-EB9FE5ACB907}.Release|x64.Build.0 = Release|x64
		{08B15111-911F-49C5-9ED2-EB9FE5ACB907}.Release|x86.ActiveCfg = Release|Win32
		{08B15111-911F-49C5-9ED2-EB9FE5ACB907}.Release|x86.Build.0 = Release|Win32
		{73755C01-2A34-49B7-9E98-3DA0EC026A37}.Debug|x64.ActiveCfg = Debug|x64
		{73755C01-2A34-49B7-9E98-3DA0EC026A37}.Debug|x64.Build.0 = Debug|x64
		{73755C01-2A34-49B7-9E98-3DA0EC026A37}.Debug|x86.ActiveCfg = Debug|Win32
		{73755C01-2A34-49B7-9E98-3DA0EC026A37}.Debug|x86.Build.0 = Debug|Win32
		{73755C01-2A34-49B7-9E98-3DA0EC026A37}.Release|x64.ActiveCfg = Release|x64
		{73755C01-2A34-49B7-9E98-3DA0EC026A37}.Release|x64.Build.0 = Release|x64
		{73755C01-2A34-49B7-9E98-3DA0EC026A37}.Release|x86.ActiveCfg = Release|Win32
		{73755C01-2A34-49B7-9E98-3DA0EC026A37}.Release|x86.Build.0 = Release|Win32
		{D52DE9D6-09E5-4D79-80E6-24AF7E6AAF1C}.Debug|x64.ActiveCfg = Debug|x64
		{D52DE9D6-09E5-4D79-80E6-24AF7E6AAF1C}.Debug|x64.Build.0 = Debug|x64
		{D52DE9D6-09E5-4D79-80E6-24AF7E6AAF1C}.Debug|x86.ActiveCfg = Debug|Win32
		{D52DE9D6-09E5-4D79-80E6-24AF7E6AAF1C}.Debug|x86.Build.0 = Debug|Win32
		{D52DE9D6-09E5-4D79-80E6-24AF7E6AAF1C}.Release|x64.ActiveCfg = Release|x64
		{D52DE9D6-09E5-4D79-80E6-24AF7E6AAF1C}.Release|x64.Build.0 = Release|x64
		{D52DE9D6-09E5-4D79-80E6-24AF7E6AAF1C}.Release|x86.ActiveCfg = Release|Win32
		{D52DE9D6-09E5-4D79-80E6-24AF7E6AAF1C}.Release|x86.Build.0 = Release|Win32
		{59C7890D-0382-4E17-810C-B9FB42DB375E}.Debug|x64.ActiveCfg = Debug|x64
		{59C7890D-0382-4E17-810C-B9FB42DB375E}.Debug|x64.Build.0 = Debug|x64
		{59C7890D-0382-4E17-810C-B9FB42DB375E}.Debug|x86.ActiveCfg = Debug|Win32
		{59C7890D-0382-4E17-810C-B9FB42DB375E}.Debug|x86.Build.0 = Debug|Win32
		{59C7890D-0382-4E17-810C-B9FB42DB375E}.Release|x64.ActiveCfg = Release|x64
		{59C7890D-0382-4E17-810C-B9FB42DB375E}.Release|x64.Build.0 = Release|x64
		{59C7890D-0382-4E17-810C-B9FB42DB375E}.Release|x86.ActiveCfg = Release|Win32
		{59C7890D-0382-4E17-810C-B9FB42DB375E}.Release|x86.Build.0 = Release|Win32
		{9F650702-FF07-4B7B-9A6D-618E0DB7136B}.Debug|x64.ActiveCfg = Debug|x64
		{9F650702-FF07-4B7B-9A6D-618E0DB7136B}.Debug|x64.Build.0 = Debug|x64
		{9F650702-FF07-4B7B-9A6D-618E0DB7136B}.Debug|x86.ActiveCfg = Debug|Win32
		{9F650702-FF07-4B7B-9A6D-618E0DB7136B}.Debug|x86.Build.0 = Debug|Win32
		{9F650702-FF07-4B7B-9A6D-618E0DB7136B}.Release|x64.ActiveCfg = Release|x64
		{9F650702-FF07-4B7B-9A6D-618E0DB7136B}.Release|x64.Build.0 = Release|x64
		{9F650702-FF07-4B7B-9A6D-618E0DB7136B}.Release|x86.ActiveCfg = Release|Win32
		{9F650702-FF07-4B7B-9A6D-618E0DB7136B}.Release|x86.Build.0 = Release|Win32
		{E709AA3B-DDFE-4574-A5B3-AAE80B608B49}.Debug|x64.ActiveCfg = Debug|x64
		{E709AA3B-DDFE-4574-A5B3-AAE80B608B49}.Debug|x64.Build.0 = Debug|x64
		{E709AA3B-DDFE-4574-A5B3-AAE80B608B49}.Debug|x86.ActiveCfg = Debug|Win32
		{E709AA3B-DDFE-4574-A5B3-AAE80B608B49}.Debug|x86.Build.0 = Debug|Win32
		{E709AA3B-DDFE-4574-A5B3-AAE80B608B49}.Release|x64.ActiveCfg = Release|x64
		{E709AA3B-DDFE-4574-A5B3-AAE80B608B49}.Release|x64.Build.0 = Release|x64
		{E709AA3B-DDFE-4574-A5B3-AAE80B608B49}.Release|x86.ActiveCfg = Release|Win32
		{E709AA3B-DDFE-4574-A5B3-AAE80B608B49}.Release|x86.Build.0 = Release|Win32
		{DF9E7BF6-88F8-48E5-BDE1-85BA4D1E4DAC}.Debug|x64.ActiveCfg = Debug|x64
		{DF9E7BF6-88F8-48E5-BDE1-85BA4D1E4DAC}.Debug|x64.Build.0 = Debug|x64
		{DF9E7BF6-88F8-48E5-BDE1-85BA4D1E4DAC}.Debug|x86.ActiveCfg = Debug|Win32
		{DF9E7BF6-88F8-48E5-BDE1-85BA4D1E4DAC}.Debug|x86.Build.0 = Debug|Win32
		{DF9E7BF6-88F8-48E5-BDE1-85BA4D1E4DAC}.Release|x64.ActiveCfg = Release|x64
		{DF9E7BF6-88F8-48E5-BDE1-85BA4D1E4DAC}.Release|x64.Build.0 = Release|x64
		{DF9E7BF6-88F8-48E5-BDE1-85BA4D1E4DAC}.Release|x86.ActiveCfg = Release|Win32
		{DF9E7BF6-88F8-48E5-BDE1-85BA4D1E4DAC}.Release|x86.Build.0 = Release|Win32
		{AA9CC38A-1630-4718-A224-B4877A733722}.Debug|x64.ActiveCfg = Debug|x64
		{AA9CC38A-1630-4718-A224-B4877A733722}.Debug|x64.Build.0 = Debug|x64
		{AA9CC38A-1630-4718-A224-B4877A733722}.Debug|x86.ActiveCfg = Debug|Win32
		{AA9CC38A-1630-4718-A224-B4877A733722}.Debug|x86.Build.0 = Debug|Win32
		{AA9CC38A-1630-4718-A224-B4877A733722}.Release|x64.ActiveCfg = Release|x64
		{AA9CC38A-1630-4718-A224-B4877A733722}.Release|x64.Build.0 = Release|x64
		{AA9CC38A-1630-4718-A224-B4877A733722}.Release|x86.ActiveCfg = Release|Win32
		{AA9CC38A-1630-4718-A224-B4877A733722}.Release|x86.Build.0 = Release|Win32
		{DCDCDEEE-78B9-462D-AC6D-A1F861A1D79E}.Debug|x64.ActiveCfg = Debug|x64
		{DCDCDEEE-78B9-462D-AC6D-A1F861A1D79E}.Debug|x64.Build.0 = Debug|x64
		{DCDCDEEE-78B9-462D-AC6D-A1F861A1D79E}.Debug|x86.ActiveCfg = Debug|Win32
		{DCDCDEEE-78B9-462D-AC6D-A1F861A1D79E}.Debug|x86.Build.0 = Debug|Win32
		{DCDCDEEE-78B9-462D-AC6D-A1F861A1D79E}.Release|x64.ActiveCfg = Release|x64
		{DCDCDEEE-78B9-462D-AC6D-A1F861A1D79E}.Release|x64.Build.0 = Release|x64
		{DCDCDEEE-78B9-462D-AC6D-A1F861A1D79E}.Release|x86.ActiveCfg = Release|Win32
		{DCDCDEEE-78B9-462D-AC6D-A1F861A1D79E}.Release|x86.Build.0 = Release|Win32
		{820031B5-9B79-4348-A99C-58DDBAF49026}.Debug|x64.ActiveCfg = Debug|x64
		{820031B5-9B79-4348-A99C-58DDBAF49026}.Debug|x64.Build.0 = Debug|x64
		{820031B5-9B79-4348-A99C-58DDBAF49026}.Debug|x86.ActiveCfg = Debug|Win32
		{820031B5-9B79-4348-A99C-58DDBAF49026}.Debug|x86.Build.0 = Debug|Win32
		{820031B5-9B79-4348-A99C-58DDBAF49026}.Release|x64.ActiveCfg = Release|x64
		{820031B5-9B79-4348-A99C-58DDBAF49026}.Release|x64.Build.0 = Release|x64
		{820031B5-9B79-4348-A99C-58DDBAF49026}.Release|x86.ActiveCfg = Release|Win32
		{820031B5-9B79-4348-A99C-58DDBAF49026}.Release|x86.Build.0 = Release|Win32
	EndGlobalSection
	GlobalSection(SolutionProperties) = preSolution
		HideSolutionNode = FALSE
	EndGlobalSection
	GlobalSection(ExtensibilityGlobals) = postSolution
		SolutionGuid = {A7CF797D-C959-4824-BB3A-E5475C853016}
	EndGlobalSection
EndGlobal
